
Microsoft Visual Studio Solution File, Format Version 12.00
# Visual Studio Version 17
VisualStudioVersion = 17.13.35931.197 d17.13
MinimumVisualStudioVersion = 10.0.40219.1
Project("{FAE04EC0-301F-11D3-BF4B-00C04F79EFBC}") = "Game Library Manager", "Game Library Manager.csproj", "{B1CDCE47-5166-4759-8B58-8D76B493466F}"
EndProject
Global
	GlobalSection(SolutionConfigurationPlatforms) = preSolution
		Debug|Any CPU = Debug|Any CPU
		Release|Any CPU = Release|Any CPU
	EndGlobalSection
	GlobalSection(ProjectConfigurationPlatforms) = postSolution
		{B1CDCE47-5166-4759-8B58-8D76B493466F}.Debug|Any CPU.ActiveCfg = Debug|Any CPU
		{B1CDCE47-5166-4759-8B58-8D76B493466F}.Debug|Any CPU.Build.0 = Debug|Any CPU
		{B1CDCE47-5166-4759-8B58-8D76B493466F}.Release|Any CPU.ActiveCfg = Release|Any CPU
		{B1CDCE47-5166-4759-8B58-8D76B493466F}.Release|Any CPU.Build.0 = Release|Any CPU
	EndGlobalSection
	GlobalSection(SolutionProperties) = preSolution
		HideSolutionNode = FALSE
	EndGlobalSection
	GlobalSection(ExtensibilityGlobals) = postSolution
		SolutionGuid = {4C370089-42C8-4B23-B9DA-45D46FB024C8}
	EndGlobalSection
EndGlobal
